
Microsoft Visual Studio Solution File, Format Version 11.00
# Visual Web Developer Express 2010
Project("{FAE04EC0-301F-11D3-BF4B-00C04F79EFBC}") = "Trainee_Consultant", "Trainee_Consultant\Trainee_Consultant.csproj", "{5278B528-894F-49B8-8BF8-C044D47B319C}"
EndProject
Global
	GlobalSection(SolutionConfigurationPlatforms) = preSolution
		Debug|Any CPU = Debug|Any CPU
		Release|Any CPU = Release|Any CPU
	EndGlobalSection
	GlobalSection(ProjectConfigurationPlatforms) = postSolution
		{5278B528-894F-49B8-8BF8-C044D47B319C}.Debug|Any CPU.ActiveCfg = Debug|Any CPU
		{5278B528-894F-49B8-8BF8-C044D47B319C}.Debug|Any CPU.Build.0 = Debug|Any CPU
		{5278B528-894F-49B8-8BF8-C044D47B319C}.Release|Any CPU.ActiveCfg = Release|Any CPU
		{5278B528-894F-49B8-8BF8-C044D47B319C}.Release|Any CPU.Build.0 = Release|Any CPU
	EndGlobalSection
	GlobalSection(SolutionProperties) = preSolution
		HideSolutionNode = FALSE
	EndGlobalSection
EndGlobal
